
Microsoft Visual Studio Solution File, Format Version 9.00
# Visual Studio 2005
# SharpDevelop 2.2.1.2648
Project("{FAE04EC0-301F-11D3-BF4B-00C04F79EFBC}") = "WMP11Slipstreamer", "WMP11Integrator\WMP11Slipstreamer.csproj", "{CE55098A-D00A-42E1-AB3C-173DD35AE700}"
	ProjectSection(WebsiteProperties) = preProject
		Debug.AspNetCompiler.Debug = "True"
		Release.AspNetCompiler.Debug = "False"
	EndProjectSection
EndProject
Global
	GlobalSection(SolutionConfigurationPlatforms) = preSolution
		Debug|x86 = Debug|x86
		Release|x86 = Release|x86
	EndGlobalSection
	GlobalSection(ProjectConfigurationPlatforms) = postSolution
		{CE55098A-D00A-42E1-AB3C-173DD35AE700}.Debug|x86.ActiveCfg = Debug|x86
		{CE55098A-D00A-42E1-AB3C-173DD35AE700}.Debug|x86.Build.0 = Debug|x86
		{CE55098A-D00A-42E1-AB3C-173DD35AE700}.Release|x86.ActiveCfg = Release|x86
		{CE55098A-D00A-42E1-AB3C-173DD35AE700}.Release|x86.Build.0 = Release|x86
	EndGlobalSection
	GlobalSection(SolutionProperties) = preSolution
		HideSolutionNode = FALSE
	EndGlobalSection
EndGlobal
